<?xml version="1.0" encoding="utf-8"?>
<Project ToolsVersion="4.0" xmlns="http://schemas.microsoft.com/developer/msbuild/2003">
  <ItemGroup>
    <Filter Include="소스 파일">
      <UniqueIdentifier>{4FC737F1-C7A5-4376-A066-2A32D752A2FF}</UniqueIdentifier>
      <Extensions>cpp;c;cc;cxx;c++;cppm;ixx;def;odl;idl;hpj;bat;asm;asmx</Extensions>
    </Filter>
    <Filter Include="헤더 파일">
      <UniqueIdentifier>{93995380-89BD-4b04-88EB-625FBE52EBFB}</UniqueIdentifier>
      <Extensions>h;hh;hpp;hxx;h++;hm;inl;inc;ipp;xsd</Extensions>
    </Filter>
    <Filter Include="리소스 파일">
      <UniqueIdentifier>{67DA6AB6-F800-4c08-8B7A-83BB121AAD01}</UniqueIdentifier>
      <Extensions>rc;ico;cur;bmp;dlg;rc2;rct;bin;rgs;gif;jpg;jpeg;jpe;resx;tiff;tif;png;wav;mfcribbon-ms</Extensions>
    </Filter>
  </ItemGroup>
  <ItemGroup>
    <ClInclude Include="Framework.h">
      <Filter>헤더 파일</Filter>
    </ClInclude>
    <ClInclude Include="targetver.h">
      <Filter>헤더 파일</Filter>
    </ClInclude>
    <ClInclude Include="Resource.h">
      <Filter>헤더 파일</Filter>
    </ClInclude>
    <ClInclude Include="WinAPI_2206.h">
      <Filter>헤더 파일</Filter>
    </ClInclude>
    <ClInclude Include="Scenes\Scene.h">
      <Filter>헤더 파일</Filter>
    </ClInclude>
    <ClInclude Include="System\GameManager.h">
      <Filter>헤더 파일</Filter>
    </ClInclude>
    <ClInclude Include="Utilities\Singleton.h">
      <Filter>헤더 파일</Filter>
    </ClInclude>
    <ClInclude Include="GameObjects\Basic\Circle.h">
      <Filter>헤더 파일</Filter>
    </ClInclude>
    <ClInclude Include="Math\GameMath.h">
      <Filter>헤더 파일</Filter>
    </ClInclude>
    <ClInclude Include="Math\Vector2.h">
      <Filter>헤더 파일</Filter>
    </ClInclude>
    <ClInclude Include="GameObjects\Basic\Line.h">
      <Filter>헤더 파일</Filter>
    </ClInclude>
    <ClInclude Include="GameObjects\Basic\Rect.h">
      <Filter>헤더 파일</Filter>
    </ClInclude>
    <ClInclude Include="Utilities\Keyboard.h">
      <Filter>헤더 파일</Filter>
    </ClInclude>
    <ClInclude Include="Utilities\Timer.h">
      <Filter>헤더 파일</Filter>
    </ClInclude>
    <ClInclude Include="Render\Texture.h">
      <Filter>헤더 파일</Filter>
    </ClInclude>
    <ClInclude Include="GameObjects\Basic\ImageRect.h">
      <Filter>헤더 파일</Filter>
    </ClInclude>
    <ClInclude Include="Render\TextureManager.h">
      <Filter>헤더 파일</Filter>
    </ClInclude>
    <ClInclude Include="Render\Animation.h">
      <Filter>헤더 파일</Filter>
    </ClInclude>
    <ClInclude Include="GameObjects\UI\ProgressBar.h">
      <Filter>헤더 파일</Filter>
    </ClInclude>
    <ClInclude Include="GameObjects\Effect\Effect.h">
      <Filter>헤더 파일</Filter>
    </ClInclude>
    <ClInclude Include="GameObjects\Effect\EffectManager.h">
      <Filter>헤더 파일</Filter>
    </ClInclude>
    <ClInclude Include="Utilities\Audio.h">
      <Filter>헤더 파일</Filter>
    </ClInclude>
    <ClInclude Include="Camera\Camera.h">
      <Filter>헤더 파일</Filter>
    </ClInclude>
    <ClInclude Include="System\SceneManager.h">
      <Filter>헤더 파일</Filter>
    </ClInclude>
    <ClInclude Include="GameObjects\UI\Button.h">
      <Filter>헤더 파일</Filter>
    </ClInclude>
    <ClInclude Include="Utilities\BinaryReader.h">
      <Filter>헤더 파일</Filter>
    </ClInclude>
    <ClInclude Include="Utilities\BinaryWriter.h">
      <Filter>헤더 파일</Filter>
    </ClInclude>
    <ClInclude Include="GameObjects\Mario\Enemy\Enemy.h">
      <Filter>헤더 파일</Filter>
    </ClInclude>
    <ClInclude Include="GameObjects\Mario\Enemy\EnemyManager.h">
      <Filter>헤더 파일</Filter>
    </ClInclude>
    <ClInclude Include="GameObjects\Mario\Enemy\Goomba.h">
      <Filter>헤더 파일</Filter>
    </ClInclude>
    <ClInclude Include="GameObjects\Mario\Enemy\Shell.h">
      <Filter>헤더 파일</Filter>
    </ClInclude>
    <ClInclude Include="GameObjects\Mario\Enemy\ShellManager.h">
      <Filter>헤더 파일</Filter>
    </ClInclude>
    <ClInclude Include="GameObjects\Mario\Enemy\Tutle.h">
      <Filter>헤더 파일</Filter>
    </ClInclude>
    <ClInclude Include="GameObjects\Mario\Mario\Bullet.h">
      <Filter>헤더 파일</Filter>
    </ClInclude>
    <ClInclude Include="GameObjects\Mario\Mario\BulletManager.h">
      <Filter>헤더 파일</Filter>
    </ClInclude>
    <ClInclude Include="GameObjects\Mario\Mario\Mario.h">
      <Filter>헤더 파일</Filter>
    </ClInclude>
    <ClInclude Include="GameObjects\Mario\Tile\BlockManager.h">
      <Filter>헤더 파일</Filter>
    </ClInclude>
    <ClInclude Include="GameObjects\Mario\Tile\BlockTile.h">
      <Filter>헤더 파일</Filter>
    </ClInclude>
    <ClInclude Include="GameObjects\Mario\Tile\ItemBlockTile.h">
      <Filter>헤더 파일</Filter>
    </ClInclude>
    <ClInclude Include="GameObjects\Mario\Tile\Tile.h">
      <Filter>헤더 파일</Filter>
    </ClInclude>
    <ClInclude Include="GameObjects\Mario\Tile\TileTextureData.h">
      <Filter>헤더 파일</Filter>
    </ClInclude>
    <ClInclude Include="GameObjects\Mario\Item\Mushroom.h">
      <Filter>헤더 파일</Filter>
    </ClInclude>
    <ClInclude Include="Scenes\MapEditerScene.h">
      <Filter>헤더 파일</Filter>
    </ClInclude>
    <ClInclude Include="Scenes\MarioScene.h">
      <Filter>헤더 파일</Filter>
    </ClInclude>
    <ClInclude Include="GameObjects\Mario\MariioMapEditer\TileMapManager.h">
      <Filter>헤더 파일</Filter>
    </ClInclude>
    <ClInclude Include="GameObjects\Mario\MariioMapEditer\MapEditerUIManager.h">
      <Filter>헤더 파일</Filter>
    </ClInclude>
    <ClInclude Include="GameObjects\Mario\MarioDataManager.h">
      <Filter>헤더 파일</Filter>
    </ClInclude>
    <ClInclude Include="GameObjects\Mario\Item\Item.h">
      <Filter>헤더 파일</Filter>
    </ClInclude>
    <ClInclude Include="GameObjects\Mario\Item\Flower.h">
      <Filter>헤더 파일</Filter>
    </ClInclude>
    <ClInclude Include="GameObjects\Mario\Item\Coin.h">
      <Filter>헤더 파일</Filter>
    </ClInclude>
    <ClInclude Include="GameObjects\Mario\Mario\MarioEventManager.h">
      <Filter>헤더 파일</Filter>
    </ClInclude>
    <ClInclude Include="GameObjects\Mario\Tile\EventTile.h">
      <Filter>헤더 파일</Filter>
    </ClInclude>
    <ClInclude Include="GameObjects\Mario\MarioGameManager.h">
      <Filter>헤더 파일</Filter>
    </ClInclude>
    <ClInclude Include="Scenes\UIScene.h">
      <Filter>헤더 파일</Filter>
    </ClInclude>
    <ClInclude Include="GameObjects\Mario\UI\UIManager.h">
      <Filter>헤더 파일</Filter>
    </ClInclude>
  </ItemGroup>
  <ItemGroup>
    <ClCompile Include="WinAPI_2206.cpp">
      <Filter>소스 파일</Filter>
    </ClCompile>
    <ClCompile Include="Framework.cpp">
      <Filter>소스 파일</Filter>
    </ClCompile>
    <ClCompile Include="System\GameManager.cpp">
      <Filter>소스 파일</Filter>
    </ClCompile>
    <ClCompile Include="GameObjects\Basic\Circle.cpp">
      <Filter>소스 파일</Filter>
    </ClCompile>
    <ClCompile Include="Math\GameMath.cpp">
      <Filter>소스 파일</Filter>
    </ClCompile>
    <ClCompile Include="GameObjects\Basic\Line.cpp">
      <Filter>소스 파일</Filter>
    </ClCompile>
    <ClCompile Include="GameObjects\Basic\Rect.cpp">
      <Filter>소스 파일</Filter>
    </ClCompile>
    <ClCompile Include="Utilities\Keyboard.cpp">
      <Filter>소스 파일</Filter>
    </ClCompile>
    <ClCompile Include="Utilities\Timer.cpp">
      <Filter>소스 파일</Filter>
    </ClCompile>
    <ClCompile Include="Render\Texture.cpp">
      <Filter>소스 파일</Filter>
    </ClCompile>
    <ClCompile Include="GameObjects\Basic\ImageRect.cpp">
      <Filter>소스 파일</Filter>
    </ClCompile>
    <ClCompile Include="Render\TextureManager.cpp">
      <Filter>소스 파일</Filter>
    </ClCompile>
    <ClCompile Include="Render\Animation.cpp">
      <Filter>소스 파일</Filter>
    </ClCompile>
    <ClCompile Include="GameObjects\UI\ProgressBar.cpp">
      <Filter>소스 파일</Filter>
    </ClCompile>
    <ClCompile Include="GameObjects\Effect\Effect.cpp">
      <Filter>소스 파일</Filter>
    </ClCompile>
    <ClCompile Include="GameObjects\Effect\EffectManager.cpp">
      <Filter>소스 파일</Filter>
    </ClCompile>
    <ClCompile Include="Utilities\Audio.cpp">
      <Filter>소스 파일</Filter>
    </ClCompile>
    <ClCompile Include="Camera\Camera.cpp">
      <Filter>소스 파일</Filter>
    </ClCompile>
    <ClCompile Include="System\SceneManager.cpp">
      <Filter>소스 파일</Filter>
    </ClCompile>
    <ClCompile Include="GameObjects\UI\Button.cpp">
      <Filter>소스 파일</Filter>
    </ClCompile>
    <ClCompile Include="Utilities\BinaryWriter.cpp">
      <Filter>소스 파일</Filter>
    </ClCompile>
    <ClCompile Include="Utilities\BinaryReader.cpp">
      <Filter>소스 파일</Filter>
    </ClCompile>
    <ClCompile Include="GameObjects\Mario\Enemy\Enemy.cpp">
      <Filter>소스 파일</Filter>
    </ClCompile>
    <ClCompile Include="GameObjects\Mario\Enemy\EnemyManager.cpp">
      <Filter>소스 파일</Filter>
    </ClCompile>
    <ClCompile Include="GameObjects\Mario\Enemy\Goomba.cpp">
      <Filter>소스 파일</Filter>
    </ClCompile>
    <ClCompile Include="GameObjects\Mario\Enemy\Shell.cpp">
      <Filter>소스 파일</Filter>
    </ClCompile>
    <ClCompile Include="GameObjects\Mario\Enemy\ShellManager.cpp">
      <Filter>소스 파일</Filter>
    </ClCompile>
    <ClCompile Include="GameObjects\Mario\Enemy\Tutle.cpp">
      <Filter>소스 파일</Filter>
    </ClCompile>
    <ClCompile Include="GameObjects\Mario\Mario\Bullet.cpp">
      <Filter>소스 파일</Filter>
    </ClCompile>
    <ClCompile Include="GameObjects\Mario\Mario\BulletManager.cpp">
      <Filter>소스 파일</Filter>
    </ClCompile>
    <ClCompile Include="GameObjects\Mario\Mario\Mario.cpp">
      <Filter>소스 파일</Filter>
    </ClCompile>
    <ClCompile Include="GameObjects\Mario\Tile\BlockManager.cpp">
      <Filter>소스 파일</Filter>
    </ClCompile>
    <ClCompile Include="GameObjects\Mario\Tile\BlockTile.cpp">
      <Filter>소스 파일</Filter>
    </ClCompile>
    <ClCompile Include="GameObjects\Mario\Tile\ItemBlockTile.cpp">
      <Filter>소스 파일</Filter>
    </ClCompile>
    <ClCompile Include="GameObjects\Mario\Tile\Tile.cpp">
      <Filter>소스 파일</Filter>
    </ClCompile>
    <ClCompile Include="GameObjects\Mario\Tile\TileTextureData.cpp">
      <Filter>소스 파일</Filter>
    </ClCompile>
    <ClCompile Include="GameObjects\Mario\Item\Mushroom.cpp">
      <Filter>소스 파일</Filter>
    </ClCompile>
    <ClCompile Include="Scenes\MapEditerScene.cpp">
      <Filter>소스 파일</Filter>
    </ClCompile>
    <ClCompile Include="Scenes\MarioScene.cpp">
      <Filter>소스 파일</Filter>
    </ClCompile>
    <ClCompile Include="GameObjects\Mario\MariioMapEditer\TileMapManager.cpp">
      <Filter>소스 파일</Filter>
    </ClCompile>
    <ClCompile Include="GameObjects\Mario\MariioMapEditer\MapEditerUIManager.cpp">
      <Filter>소스 파일</Filter>
    </ClCompile>
    <ClCompile Include="GameObjects\Mario\MarioDataManager.cpp">
      <Filter>소스 파일</Filter>
    </ClCompile>
    <ClCompile Include="GameObjects\Mario\Item\Item.cpp">
      <Filter>소스 파일</Filter>
    </ClCompile>
    <ClCompile Include="GameObjects\Mario\Item\Flower.cpp">
      <Filter>소스 파일</Filter>
    </ClCompile>
    <ClCompile Include="GameObjects\Mario\Item\Coin.cpp">
      <Filter>소스 파일</Filter>
    </ClCompile>
    <ClCompile Include="GameObjects\Mario\Mario\MarioEventManager.cpp">
      <Filter>소스 파일</Filter>
    </ClCompile>
    <ClCompile Include="GameObjects\Mario\Tile\EventTile.cpp">
      <Filter>소스 파일</Filter>
    </ClCompile>
    <ClCompile Include="GameObjects\Mario\MarioGameManager.cpp">
      <Filter>소스 파일</Filter>
    </ClCompile>
    <ClCompile Include="Scenes\UIScene.cpp">
      <Filter>소스 파일</Filter>
    </ClCompile>
    <ClCompile Include="GameObjects\Mario\UI\UIManager.cpp">
      <Filter>소스 파일</Filter>
    </ClCompile>
  </ItemGroup>
  <ItemGroup>
    <ResourceCompile Include="WinAPI_2206.rc">
      <Filter>리소스 파일</Filter>
    </ResourceCompile>
  </ItemGroup>
  <ItemGroup>
    <Image Include="small.ico">
      <Filter>리소스 파일</Filter>
    </Image>
    <Image Include="WinAPI_2206.ico">
      <Filter>리소스 파일</Filter>
    </Image>
  </ItemGroup>
</Project>